
Microsoft Visual Studio Solution File, Format Version 12.00
# Visual Studio Version 17
VisualStudioVersion = 17.14.36518.9 d17.14
MinimumVisualStudioVersion = 10.0.40219.1
Project("{FAE04EC0-301F-11D3-BF4B-00C04F79EFBC}") = "IPrazo.Crowler", "IPrazo.Crowler\IPrazo.Crowler.csproj", "{46055CF2-513E-4C8B-8B2F-E70A9EAAE049}"
EndProject
Global
	GlobalSection(SolutionConfigurationPlatforms) = preSolution
		Debug|Any CPU = Debug|Any CPU
		Release|Any CPU = Release|Any CPU
	EndGlobalSection
	GlobalSection(ProjectConfigurationPlatforms) = postSolution
		{46055CF2-513E-4C8B-8B2F-E70A9EAAE049}.Debug|Any CPU.ActiveCfg = Debug|Any CPU
		{46055CF2-513E-4C8B-8B2F-E70A9EAAE049}.Debug|Any CPU.Build.0 = Debug|Any CPU
		{46055CF2-513E-4C8B-8B2F-E70A9EAAE049}.Release|Any CPU.ActiveCfg = Release|Any CPU
		{46055CF2-513E-4C8B-8B2F-E70A9EAAE049}.Release|Any CPU.Build.0 = Release|Any CPU
	EndGlobalSection
	GlobalSection(SolutionProperties) = preSolution
		HideSolutionNode = FALSE
	EndGlobalSection
	GlobalSection(ExtensibilityGlobals) = postSolution
		SolutionGuid = {3535F4FA-78D0-4AB8-9F67-2AF543568615}
	EndGlobalSection
EndGlobal
